
Microsoft Visual Studio Solution File, Format Version 12.00
# Visual Studio 15
VisualStudioVersion = 15.0.26430.15
MinimumVisualStudioVersion = 10.0.40219.1
Project("{FAE04EC0-301F-11D3-BF4B-00C04F79EFBC}") = "EpiserverAdapter", "src\EpiserverAdapter\EpiserverAdapter.csproj", "{F6FC6A0D-D026-4FC3-873C-19AF480821D5}"
EndProject
Project("{FAE04EC0-301F-11D3-BF4B-00C04F79EFBC}") = "Interfaces", "src\Interfaces\Interfaces.csproj", "{0C76565D-930B-4478-9101-AAD7BCED1D6F}"
EndProject
Project("{FAE04EC0-301F-11D3-BF4B-00C04F79EFBC}") = "EpiserverImporter", "src\EpiserverImporter\EpiserverImporter.csproj", "{CF5F6052-CB46-44CE-9272-E7D05720BF3A}"
EndProject
Project("{2150E333-8FDC-42A3-9474-1A3956D46DE8}") = "Tests", "Tests", "{FCAD92E3-3811-4823-B1B1-2D4ABC8FAADC}"
EndProject
Project("{FAE04EC0-301F-11D3-BF4B-00C04F79EFBC}") = "EpiserverAdapterTests", "tests\EpiserverAdapterTests\EpiserverAdapterTests.csproj", "{9CBB23AF-FC5F-45CA-81BE-47365DFDE0B8}"
EndProject
Global
	GlobalSection(SolutionConfigurationPlatforms) = preSolution
		Debug|Any CPU = Debug|Any CPU
		Release|Any CPU = Release|Any CPU
	EndGlobalSection
	GlobalSection(ProjectConfigurationPlatforms) = postSolution
		{F6FC6A0D-D026-4FC3-873C-19AF480821D5}.Debug|Any CPU.ActiveCfg = Debug|Any CPU
		{F6FC6A0D-D026-4FC3-873C-19AF480821D5}.Debug|Any CPU.Build.0 = Debug|Any CPU
		{F6FC6A0D-D026-4FC3-873C-19AF480821D5}.Release|Any CPU.ActiveCfg = Release|Any CPU
		{F6FC6A0D-D026-4FC3-873C-19AF480821D5}.Release|Any CPU.Build.0 = Release|Any CPU
		{0C76565D-930B-4478-9101-AAD7BCED1D6F}.Debug|Any CPU.ActiveCfg = Debug|Any CPU
		{0C76565D-930B-4478-9101-AAD7BCED1D6F}.Debug|Any CPU.Build.0 = Debug|Any CPU
		{0C76565D-930B-4478-9101-AAD7BCED1D6F}.Release|Any CPU.ActiveCfg = Release|Any CPU
		{0C76565D-930B-4478-9101-AAD7BCED1D6F}.Release|Any CPU.Build.0 = Release|Any CPU
		{CF5F6052-CB46-44CE-9272-E7D05720BF3A}.Debug|Any CPU.ActiveCfg = Debug|Any CPU
		{CF5F6052-CB46-44CE-9272-E7D05720BF3A}.Debug|Any CPU.Build.0 = Debug|Any CPU
		{CF5F6052-CB46-44CE-9272-E7D05720BF3A}.Release|Any CPU.ActiveCfg = Release|Any CPU
		{CF5F6052-CB46-44CE-9272-E7D05720BF3A}.Release|Any CPU.Build.0 = Release|Any CPU
		{9CBB23AF-FC5F-45CA-81BE-47365DFDE0B8}.Debug|Any CPU.ActiveCfg = Debug|Any CPU
		{9CBB23AF-FC5F-45CA-81BE-47365DFDE0B8}.Debug|Any CPU.Build.0 = Debug|Any CPU
		{9CBB23AF-FC5F-45CA-81BE-47365DFDE0B8}.Release|Any CPU.ActiveCfg = Release|Any CPU
		{9CBB23AF-FC5F-45CA-81BE-47365DFDE0B8}.Release|Any CPU.Build.0 = Release|Any CPU
	EndGlobalSection
	GlobalSection(SolutionProperties) = preSolution
		HideSolutionNode = FALSE
	EndGlobalSection
	GlobalSection(NestedProjects) = preSolution
		{9CBB23AF-FC5F-45CA-81BE-47365DFDE0B8} = {FCAD92E3-3811-4823-B1B1-2D4ABC8FAADC}
	EndGlobalSection
EndGlobal
